// !$*UTF8*$!
{
	archiveVersion = 1;
	classes = {
	};
	objectVersion = 56;
	objects = {

/* Begin PBXBuildFile section */
		4BA66D7F29C9EF1D006976DB /* AppDelegate.swift in Sources */ = {isa = PBXBuildFile; fileRef = 4BA66D7E29C9EF1D006976DB /* AppDelegate.swift */; };
		4BA66D8129C9EF1D006976DB /* SceneDelegate.swift in Sources */ = {isa = PBXBuildFile; fileRef = 4BA66D8029C9EF1D006976DB /* SceneDelegate.swift */; };
		4BA66D8329C9EF1D006976DB /* ViewController.swift in Sources */ = {isa = PBXBuildFile; fileRef = 4BA66D8229C9EF1D006976DB /* ViewController.swift */; };
		4BA66D8629C9EF1D006976DB /* Main.storyboard in Resources */ = {isa = PBXBuildFile; fileRef = 4BA66D8429C9EF1D006976DB /* Main.storyboard */; };
		4BA66D8829C9EF1E006976DB /* Assets.xcassets in Resources */ = {isa = PBXBuildFile; fileRef = 4BA66D8729C9EF1E006976DB /* Assets.xcassets */; };
		4BA66D8B29C9EF1E006976DB /* LaunchScreen.storyboard in Resources */ = {isa = PBXBuildFile; fileRef = 4BA66D8929C9EF1E006976DB /* LaunchScreen.storyboard */; };
		4BA66D9629C9EF1E006976DB /* ClimaAPITests.swift in Sources */ = {isa = PBXBuildFile; fileRef = 4BA66D9529C9EF1E006976DB /* ClimaAPITests.swift */; };
		4BA66DA029C9EF1E006976DB /* ClimaAPIUITests.swift in Sources */ = {isa = PBXBuildFile; fileRef = 4BA66D9F29C9EF1E006976DB /* ClimaAPIUITests.swift */; };
		4BA66DA229C9EF1E006976DB /* ClimaAPIUITestsLaunchTests.swift in Sources */ = {isa = PBXBuildFile; fileRef = 4BA66DA129C9EF1E006976DB /* ClimaAPIUITestsLaunchTests.swift */; };
/* End PBXBuildFile section */

/* Begin PBXContainerItemProxy section */
		4BA66D9229C9EF1E006976DB /* PBXContainerItemProxy */ = {
			isa = PBXContainerItemProxy;
			containerPortal = 4BA66D7329C9EF1D006976DB /* Project object */;
			proxyType = 1;
			remoteGlobalIDString = 4BA66D7A29C9EF1D006976DB;
			remoteInfo = ClimaAPI;
		};
		4BA66D9C29C9EF1E006976DB /* PBXContainerItemProxy */ = {
			isa = PBXContainerItemProxy;
			containerPortal = 4BA66D7329C9EF1D006976DB /* Project object */;
			proxyType = 1;
			remoteGlobalIDString = 4BA66D7A29C9EF1D006976DB;
			remoteInfo = ClimaAPI;
		};
/* End PBXContainerItemProxy section */

/* Begin PBXFileReference section */
		4BA66D7B29C9EF1D006976DB /* ClimaAPI.app */ = {isa = PBXFileReference; explicitFileType = wrapper.application; includeInIndex = 0; path = ClimaAPI.app; sourceTree = BUILT_PRODUCTS_DIR; };
		4BA66D7E29C9EF1D006976DB /* AppDelegate.swift */ = {isa = PBXFileReference; lastKnownFileType = sourcecode.swift; path = AppDelegate.swift; sourceTree = "<group>"; };
		4BA66D8029C9EF1D006976DB /* SceneDelegate.swift */ = {isa = PBXFileReference; lastKnownFileType = sourcecode.swift; path = SceneDelegate.swift; sourceTree = "<group>"; };
		4BA66D8229C9EF1D006976DB /* ViewController.swift */ = {isa = PBXFileReference; lastKnownFileType = sourcecode.swift; path = ViewController.swift; sourceTree = "<group>"; };
		4BA66D8529C9EF1D006976DB /* Base */ = {isa = PBXFileReference; lastKnownFileType = file.storyboard; name = Base; path = Base.lproj/Main.storyboard; sourceTree = "<group>"; };
		4BA66D8729C9EF1E006976DB /* Assets.xcassets */ = {isa = PBXFileReference; lastKnownFileType = folder.assetcatalog; path = Assets.xcassets; sourceTree = "<group>"; };
		4BA66D8A29C9EF1E006976DB /* Base */ = {isa = PBXFileReference; lastKnownFileType = file.storyboard; name = Base; path = Base.lproj/LaunchScreen.storyboard; sourceTree = "<group>"; };
		4BA66D8C29C9EF1E006976DB /* Info.plist */ = {isa = PBXFileReference; lastKnownFileType = text.plist.xml; path = Info.plist; sourceTree = "<group>"; };
		4BA66D9129C9EF1E006976DB /* ClimaAPITests.xctest */ = {isa = PBXFileReference; explicitFileType = wrapper.cfbundle; includeInIndex = 0; path = ClimaAPITests.xctest; sourceTree = BUILT_PRODUCTS_DIR; };
		4BA66D9529C9EF1E006976DB /* ClimaAPITests.swift */ = {isa = PBXFileReference; lastKnownFileType = sourcecode.swift; path = ClimaAPITests.swift; sourceTree = "<group>"; };
		4BA66D9B29C9EF1E006976DB /* ClimaAPIUITests.xctest */ = {isa = PBXFileReference; explicitFileType = wrapper.cfbundle; includeInIndex = 0; path = ClimaAPIUITests.xctest; sourceTree = BUILT_PRODUCTS_DIR; };
		4BA66D9F29C9EF1E006976DB /* ClimaAPIUITests.swift */ = {isa = PBXFileReference; lastKnownFileType = sourcecode.swift; path = ClimaAPIUITests.swift; sourceTree = "<group>"; };
		4BA66DA129C9EF1E006976DB /* ClimaAPIUITestsLaunchTests.swift */ = {isa = PBXFileReference; lastKnownFileType = sourcecode.swift; path = ClimaAPIUITestsLaunchTests.swift; sourceTree = "<group>"; };
/* End PBXFileReference section */

/* Begin PBXFrameworksBuildPhase section */
		4BA66D7829C9EF1D006976DB /* Frameworks */ = {
			isa = PBXFrameworksBuildPhase;
			buildActionMask = 2147483647;
			files = (
			);
			runOnlyForDeploymentPostprocessing = 0;
		};
		4BA66D8E29C9EF1E006976DB /* Frameworks */ = {
			isa = PBXFrameworksBuildPhase;
			buildActionMask = 2147483647;
			files = (
			);
			runOnlyForDeploymentPostprocessing = 0;
		};
		4BA66D9829C9EF1E006976DB /* Frameworks */ = {
			isa = PBXFrameworksBuildPhase;
			buildActionMask = 2147483647;
			files = (
			);
			runOnlyForDeploymentPostprocessing = 0;
		};
/* End PBXFrameworksBuildPhase section */

/* Begin PBXGroup section */
		4BA66D7229C9EF1D006976DB = {
			isa = PBXGroup;
			children = (
				4BA66D7D29C9EF1D006976DB /* ClimaAPI */,
				4BA66D9429C9EF1E006976DB /* ClimaAPITests */,
				4BA66D9E29C9EF1E006976DB /* ClimaAPIUITests */,
				4BA66D7C29C9EF1D006976DB /* Products */,
			);
			sourceTree = "<group>";
		};
		4BA66D7C29C9EF1D006976DB /* Products */ = {
			isa = PBXGroup;
			children = (
				4BA66D7B29C9EF1D006976DB /* ClimaAPI.app */,
				4BA66D9129C9EF1E006976DB /* ClimaAPITests.xctest */,
				4BA66D9B29C9EF1E006976DB /* ClimaAPIUITests.xctest */,
			);
			name = Products;
			sourceTree = "<group>";
		};
		4BA66D7D29C9EF1D006976DB /* ClimaAPI */ = {
			isa = PBXGroup;
			children = (
				4BA66D7E29C9EF1D006976DB /* AppDelegate.swift */,
				4BA66D8029C9EF1D006976DB /* SceneDelegate.swift */,
				4BA66D8229C9EF1D006976DB /* ViewController.swift */,
				4BA66D8429C9EF1D006976DB /* Main.storyboard */,
				4BA66D8729C9EF1E006976DB /* Assets.xcassets */,
				4BA66D8929C9EF1E006976DB /* LaunchScreen.storyboard */,
				4BA66D8C29C9EF1E006976DB /* Info.plist */,
			);
			path = ClimaAPI;
			sourceTree = "<group>";
		};
		4BA66D9429C9EF1E006976DB /* ClimaAPITests */ = {
			isa = PBXGroup;
			children = (
				4BA66D9529C9EF1E006976DB /* ClimaAPITests.swift */,
			);
			path = ClimaAPITests;
			sourceTree = "<group>";
		};
		4BA66D9E29C9EF1E006976DB /* ClimaAPIUITests */ = {
			isa = PBXGroup;
			children = (
				4BA66D9F29C9EF1E006976DB /* ClimaAPIUITests.swift */,
				4BA66DA129C9EF1E006976DB /* ClimaAPIUITestsLaunchTests.swift */,
			);
			path = ClimaAPIUITests;
			sourceTree = "<group>";
		};
/* End PBXGroup section */

/* Begin PBXNativeTarget section */
		4BA66D7A29C9EF1D006976DB /* ClimaAPI */ = {
			isa = PBXNativeTarget;
			buildConfigurationList = 4BA66DA529C9EF1E006976DB /* Build configuration list for PBXNativeTarget "ClimaAPI" */;
			buildPhases = (
				4BA66D7729C9EF1D006976DB /* Sources */,
				4BA66D7829C9EF1D006976DB /* Frameworks */,
				4BA66D7929C9EF1D006976DB /* Resources */,
			);
			buildRules = (
			);
			dependencies = (
			);
			name = ClimaAPI;
			productName = ClimaAPI;
			productReference = 4BA66D7B29C9EF1D006976DB /* ClimaAPI.app */;
			productType = "com.apple.product-type.application";
		};
		4BA66D9029C9EF1E006976DB /* ClimaAPITests */ = {
			isa = PBXNativeTarget;
			buildConfigurationList = 4BA66DA829C9EF1E006976DB /* Build configuration list for PBXNativeTarget "ClimaAPITests" */;
			buildPhases = (
				4BA66D8D29C9EF1E006976DB /* Sources */,
				4BA66D8E29C9EF1E006976DB /* Frameworks */,
				4BA66D8F29C9EF1E006976DB /* Resources */,
			);
			buildRules = (
			);
			dependencies = (
				4BA66D9329C9EF1E006976DB /* PBXTargetDependency */,
			);
			name = ClimaAPITests;
			productName = ClimaAPITests;
			productReference = 4BA66D9129C9EF1E006976DB /* ClimaAPITests.xctest */;
			productType = "com.apple.product-type.bundle.unit-test";
		};
		4BA66D9A29C9EF1E006976DB /* ClimaAPIUITests */ = {
			isa = PBXNativeTarget;
			buildConfigurationList = 4BA66DAB29C9EF1E006976DB /* Build configuration list for PBXNativeTarget "ClimaAPIUITests" */;
			buildPhases = (
				4BA66D9729C9EF1E006976DB /* Sources */,
				4BA66D9829C9EF1E006976DB /* Frameworks */,
				4BA66D9929C9EF1E006976DB /* Resources */,
			);
			buildRules = (
			);
			dependencies = (
				4BA66D9D29C9EF1E006976DB /* PBXTargetDependency */,
			);
			name = ClimaAPIUITests;
			productName = ClimaAPIUITests;
			productReference = 4BA66D9B29C9EF1E006976DB /* ClimaAPIUITests.xctest */;
			productType = "com.apple.product-type.bundle.ui-testing";
		};
/* End PBXNativeTarget section */

/* Begin PBXProject section */
		4BA66D7329C9EF1D006976DB /* Project object */ = {
			isa = PBXProject;
			attributes = {
				BuildIndependentTargetsInParallel = 1;
				LastSwiftUpdateCheck = 1420;
				LastUpgradeCheck = 1420;
				TargetAttributes = {
					4BA66D7A29C9EF1D006976DB = {
						CreatedOnToolsVersion = 14.2;
					};
					4BA66D9029C9EF1E006976DB = {
						CreatedOnToolsVersion = 14.2;
						TestTargetID = 4BA66D7A29C9EF1D006976DB;
					};
					4BA66D9A29C9EF1E006976DB = {
						CreatedOnToolsVersion = 14.2;
						TestTargetID = 4BA66D7A29C9EF1D006976DB;
					};
				};
			};
			buildConfigurationList = 4BA66D7629C9EF1D006976DB /* Build configuration list for PBXProject "ClimaAPI" */;
			compatibilityVersion = "Xcode 14.0";
			developmentRegion = en;
			hasScannedForEncodings = 0;
			knownRegions = (
				en,
				Base,
			);
			mainGroup = 4BA66D7229C9EF1D006976DB;
			productRefGroup = 4BA66D7C29C9EF1D006976DB /* Products */;
			projectDirPath = "";
			projectRoot = "";
			targets = (
				4BA66D7A29C9EF1D006976DB /* ClimaAPI */,
				4BA66D9029C9EF1E006976DB /* ClimaAPITests */,
				4BA66D9A29C9EF1E006976DB /* ClimaAPIUITests */,
			);
		};
/* End PBXProject section */

/* Begin PBXResourcesBuildPhase section */
		4BA66D7929C9EF1D006976DB /* Resources */ = {
			isa = PBXResourcesBuildPhase;
			buildActionMask = 2147483647;
			files = (
				4BA66D8B29C9EF1E006976DB /* LaunchScreen.storyboard in Resources */,
				4BA66D8829C9EF1E006976DB /* Assets.xcassets in Resources */,
				4BA66D8629C9EF1D006976DB /* Main.storyboard in Resources */,
			);
			runOnlyForDeploymentPostprocessing = 0;
		};
		4BA66D8F29C9EF1E006976DB /* Resources */ = {
			isa = PBXResourcesBuildPhase;
			buildActionMask = 2147483647;
			files = (
			);
			runOnlyForDeploymentPostprocessing = 0;
		};
		4BA66D9929C9EF1E006976DB /* Resources */ = {
			isa = PBXResourcesBuildPhase;
			buildActionMask = 2147483647;
			files = (
			);
			runOnlyForDeploymentPostprocessing = 0;
		};
/* End PBXResourcesBuildPhase section */

/* Begin PBXSourcesBuildPhase section */
		4BA66D7729C9EF1D006976DB /* Sources */ = {
			isa = PBXSourcesBuildPhase;
			buildActionMask = 2147483647;
			files = (
				4BA66D8329C9EF1D006976DB /* ViewController.swift in Sources */,
				4BA66D7F29C9EF1D006976DB /* AppDelegate.swift in Sources */,
				4BA66D8129C9EF1D006976DB /* SceneDelegate.swift in Sources */,
			);
			runOnlyForDeploymentPostprocessing = 0;
		};
		4BA66D8D29C9EF1E006976DB /* Sources */ = {
			isa = PBXSourcesBuildPhase;
			buildActionMask = 2147483647;
			files = (
				4BA66D9629C9EF1E006976DB /* ClimaAPITests.swift in Sources */,
			);
			runOnlyForDeploymentPostprocessing = 0;
		};
		4BA66D9729C9EF1E006976DB /* Sources */ = {
			isa = PBXSourcesBuildPhase;
			buildActionMask = 2147483647;
			files = (
				4BA66DA229C9EF1E006976DB /* ClimaAPIUITestsLaunchTests.swift in Sources */,
				4BA66DA029C9EF1E006976DB /* ClimaAPIUITests.swift in Sources */,
			);
			runOnlyForDeploymentPostprocessing = 0;
		};
/* End PBXSourcesBuildPhase section */

/* Begin PBXTargetDependency section */
		4BA66D9329C9EF1E006976DB /* PBXTargetDependency */ = {
			isa = PBXTargetDependency;
			target = 4BA66D7A29C9EF1D006976DB /* ClimaAPI */;
			targetProxy = 4BA66D9229C9EF1E006976DB /* PBXContainerItemProxy */;
		};
		4BA66D9D29C9EF1E006976DB /* PBXTargetDependency */ = {
			isa = PBXTargetDependency;
			target = 4BA66D7A29C9EF1D006976DB /* ClimaAPI */;
			targetProxy = 4BA66D9C29C9EF1E006976DB /* PBXContainerItemProxy */;
		};
/* End PBXTargetDependency section */

/* Begin PBXVariantGroup section */
		4BA66D8429C9EF1D006976DB /* Main.storyboard */ = {
			isa = PBXVariantGroup;
			children = (
				4BA66D8529C9EF1D006976DB /* Base */,
			);
			name = Main.storyboard;
			sourceTree = "<group>";
		};
		4BA66D8929C9EF1E006976DB /* LaunchScreen.storyboard */ = {
			isa = PBXVariantGroup;
			children = (
				4BA66D8A29C9EF1E006976DB /* Base */,
			);
			name = LaunchScreen.storyboard;
			sourceTree = "<group>";
		};
/* End PBXVariantGroup section */

/* Begin XCBuildConfiguration section */
		4BA66DA329C9EF1E006976DB /* Debug */ = {
			isa = XCBuildConfiguration;
			buildSettings = {
				ALWAYS_SEARCH_USER_PATHS = NO;
				CLANG_ANALYZER_NONNULL = YES;
				CLANG_ANALYZER_NUMBER_OBJECT_CONVERSION = YES_AGGRESSIVE;
				CLANG_CXX_LANGUAGE_STANDARD = "gnu++20";
				CLANG_ENABLE_MODULES = YES;
				CLANG_ENABLE_OBJC_ARC = YES;
				CLANG_ENABLE_OBJC_WEAK = YES;
				CLANG_WARN_BLOCK_CAPTURE_AUTORELEASING = YES;
				CLANG_WARN_BOOL_CONVERSION = YES;
				CLANG_WARN_COMMA = YES;
				CLANG_WARN_CONSTANT_CONVERSION = YES;
				CLANG_WARN_DEPRECATED_OBJC_IMPLEMENTATIONS = YES;
				CLANG_WARN_DIRECT_OBJC_ISA_USAGE = YES_ERROR;
				CLANG_WARN_DOCUMENTATION_COMMENTS = YES;
				CLANG_WARN_EMPTY_BODY = YES;
				CLANG_WARN_ENUM_CONVERSION = YES;
				CLANG_WARN_INFINITE_RECURSION = YES;
				CLANG_WARN_INT_CONVERSION = YES;
				CLANG_WARN_NON_LITERAL_NULL_CONVERSION = YES;
				CLANG_WARN_OBJC_IMPLICIT_RETAIN_SELF = YES;
				CLANG_WARN_OBJC_LITERAL_CONVERSION = YES;
				CLANG_WARN_OBJC_ROOT_CLASS = YES_ERROR;
				CLANG_WARN_QUOTED_INCLUDE_IN_FRAMEWORK_HEADER = YES;
				CLANG_WARN_RANGE_LOOP_ANALYSIS = YES;
				CLANG_WARN_STRICT_PROTOTYPES = YES;
				CLANG_WARN_SUSPICIOUS_MOVE = YES;
				CLANG_WARN_UNGUARDED_AVAILABILITY = YES_AGGRESSIVE;
				CLANG_WARN_UNREACHABLE_CODE = YES;
				CLANG_WARN__DUPLICATE_METHOD_MATCH = YES;
				COPY_PHASE_STRIP = NO;
				DEBUG_INFORMATION_FORMAT = dwarf;
				ENABLE_STRICT_OBJC_MSGSEND = YES;
				ENABLE_TESTABILITY = YES;
				GCC_C_LANGUAGE_STANDARD = gnu11;
				GCC_DYNAMIC_NO_PIC = NO;
				GCC_NO_COMMON_BLOCKS = YES;
				GCC_OPTIMIZATION_LEVEL = 0;
				GCC_PREPROCESSOR_DEFINITIONS = (
					"DEBUG=1",
					"$(inherited)",
				);
				GCC_WARN_64_TO_32_BIT_CONVERSION = YES;
				GCC_WARN_ABOUT_RETURN_TYPE = YES_ERROR;
				GCC_WARN_UNDECLARED_SELECTOR = YES;
				GCC_WARN_UNINITIALIZED_AUTOS = YES_AGGRESSIVE;
				GCC_WARN_UNUSED_FUNCTION = YES;
				GCC_WARN_UNUSED_VARIABLE = YES;
				IPHONEOS_DEPLOYMENT_TARGET = 16.2;
				MTL_ENABLE_DEBUG_INFO = INCLUDE_SOURCE;
				MTL_FAST_MATH = YES;
				ONLY_ACTIVE_ARCH = YES;
				SDKROOT = iphoneos;
				SWIFT_ACTIVE_COMPILATION_CONDITIONS = DEBUG;
				SWIFT_OPTIMIZATION_LEVEL = "-Onone";
			};
			name = Debug;
		};
		4BA66DA429C9EF1E006976DB /* Release */ = {
			isa = XCBuildConfiguration;
			buildSettings = {
				ALWAYS_SEARCH_USER_PATHS = NO;
				CLANG_ANALYZER_NONNULL = YES;
				CLANG_ANALYZER_NUMBER_OBJECT_CONVERSION = YES_AGGRESSIVE;
				CLANG_CXX_LANGUAGE_STANDARD = "gnu++20";
				CLANG_ENABLE_MODULES = YES;
				CLANG_ENABLE_OBJC_ARC = YES;
				CLANG_ENABLE_OBJC_WEAK = YES;
				CLANG_WARN_BLOCK_CAPTURE_AUTORELEASING = YES;
				CLANG_WARN_BOOL_CONVERSION = YES;
				CLANG_WARN_COMMA = YES;
				CLANG_WARN_CONSTANT_CONVERSION = YES;
				CLANG_WARN_DEPRECATED_OBJC_IMPLEMENTATIONS = YES;
				CLANG_WARN_DIRECT_OBJC_ISA_USAGE = YES_ERROR;
				CLANG_WARN_DOCUMENTATION_COMMENTS = YES;
				CLANG_WARN_EMPTY_BODY = YES;
				CLANG_WARN_ENUM_CONVERSION = YES;
				CLANG_WARN_INFINITE_RECURSION = YES;
				CLANG_WARN_INT_CONVERSION = YES;
				CLANG_WARN_NON_LITERAL_NULL_CONVERSION = YES;
				CLANG_WARN_OBJC_IMPLICIT_RETAIN_SELF = YES;
				CLANG_WARN_OBJC_LITERAL_CONVERSION = YES;
				CLANG_WARN_OBJC_ROOT_CLASS = YES_ERROR;
				CLANG_WARN_QUOTED_INCLUDE_IN_FRAMEWORK_HEADER = YES;
				CLANG_WARN_RANGE_LOOP_ANALYSIS = YES;
				CLANG_WARN_STRICT_PROTOTYPES = YES;
				CLANG_WARN_SUSPICIOUS_MOVE = YES;
				CLANG_WARN_UNGUARDED_AVAILABILITY = YES_AGGRESSIVE;
				CLANG_WARN_UNREACHABLE_CODE = YES;
				CLANG_WARN__DUPLICATE_METHOD_MATCH = YES;
				COPY_PHASE_STRIP = NO;
				DEBUG_INFORMATION_FORMAT = "dwarf-with-dsym";
				ENABLE_NS_ASSERTIONS = NO;
				ENABLE_STRICT_OBJC_MSGSEND = YES;
				GCC_C_LANGUAGE_STANDARD = gnu11;
				GCC_NO_COMMON_BLOCKS = YES;
				GCC_WARN_64_TO_32_BIT_CONVERSION = YES;
				GCC_WARN_ABOUT_RETURN_TYPE = YES_ERROR;
				GCC_WARN_UNDECLARED_SELECTOR = YES;
				GCC_WARN_UNINITIALIZED_AUTOS = YES_AGGRESSIVE;
				GCC_WARN_UNUSED_FUNCTION = YES;
				GCC_WARN_UNUSED_VARIABLE = YES;
				IPHONEOS_DEPLOYMENT_TARGET = 16.2;
				MTL_ENABLE_DEBUG_INFO = NO;
				MTL_FAST_MATH = YES;
				SDKROOT = iphoneos;
				SWIFT_COMPILATION_MODE = wholemodule;
				SWIFT_OPTIMIZATION_LEVEL = "-O";
				VALIDATE_PRODUCT = YES;
			};
			name = Release;
		};
		4BA66DA629C9EF1E006976DB /* Debug */ = {
			isa = XCBuildConfiguration;
			buildSettings = {
				ASSETCATALOG_COMPILER_APPICON_NAME = AppIcon;
				ASSETCATALOG_COMPILER_GLOBAL_ACCENT_COLOR_NAME = AccentColor;
				CODE_SIGN_STYLE = Automatic;
				CURRENT_PROJECT_VERSION = 1;
				GENERATE_INFOPLIST_FILE = YES;
				INFOPLIST_FILE = ClimaAPI/Info.plist;
				INFOPLIST_KEY_UIApplicationSupportsIndirectInputEvents = YES;
				INFOPLIST_KEY_UILaunchStoryboardName = LaunchScreen;
				INFOPLIST_KEY_UIMainStoryboardFile = Main;
				INFOPLIST_KEY_UISupportedInterfaceOrientations_iPad = "UIInterfaceOrientationPortrait UIInterfaceOrientationPortraitUpsideDown UIInterfaceOrientationLandscapeLeft UIInterfaceOrientationLandscapeRight";
				INFOPLIST_KEY_UISupportedInterfaceOrientations_iPhone = "UIInterfaceOrientationPortrait UIInterfaceOrientationLandscapeLeft UIInterfaceOrientationLandscapeRight";
				LD_RUNPATH_SEARCH_PATHS = (
					"$(inherited)",
					"@executable_path/Frameworks",
				);
				MARKETING_VERSION = 1.0;
				PRODUCT_BUNDLE_IDENTIFIER = "Daejeon-University.ClimaAPI";
				PRODUCT_NAME = "$(TARGET_NAME)";
				SWIFT_EMIT_LOC_STRINGS = YES;
				SWIFT_VERSION = 5.0;
				TARGETED_DEVICE_FAMILY = "1,2";
			};
			name = Debug;
		};
		4BA66DA729C9EF1E006976DB /* Release */ = {
			isa = XCBuildConfiguration;
			buildSettings = {
				ASSETCATALOG_COMPILER_APPICON_NAME = AppIcon;
				ASSETCATALOG_COMPILER_GLOBAL_ACCENT_COLOR_NAME = AccentColor;
				CODE_SIGN_STYLE = Automatic;
				CURRENT_PROJECT_VERSION = 1;
				GENERATE_INFOPLIST_FILE = YES;
				INFOPLIST_FILE = ClimaAPI/Info.plist;
				INFOPLIST_KEY_UIApplicationSupportsIndirectInputEvents = YES;
				INFOPLIST_KEY_UILaunchStoryboardName = LaunchScreen;
				INFOPLIST_KEY_UIMainStoryboardFile = Main;
				INFOPLIST_KEY_UISupportedInterfaceOrientations_iPad = "UIInterfaceOrientationPortrait UIInterfaceOrientationPortraitUpsideDown UIInterfaceOrientationLandscapeLeft UIInterfaceOrientationLandscapeRight";
				INFOPLIST_KEY_UISupportedInterfaceOrientations_iPhone = "UIInterfaceOrientationPortrait UIInterfaceOrientationLandscapeLeft UIInterfaceOrientationLandscapeRight";
				LD_RUNPATH_SEARCH_PATHS = (
					"$(inherited)",
					"@executable_path/Frameworks",
				);
				MARKETING_VERSION = 1.0;
				PRODUCT_BUNDLE_IDENTIFIER = "Daejeon-University.ClimaAPI";
				PRODUCT_NAME = "$(TARGET_NAME)";
				SWIFT_EMIT_LOC_STRINGS = YES;
				SWIFT_VERSION = 5.0;
				TARGETED_DEVICE_FAMILY = "1,2";
			};
			name = Release;
		};
		4BA66DA929C9EF1E006976DB /* Debug */ = {
			isa = XCBuildConfiguration;
			buildSettings = {
				ALWAYS_EMBED_SWIFT_STANDARD_LIBRARIES = YES;
				BUNDLE_LOADER = "$(TEST_HOST)";
				CODE_SIGN_STYLE = Automatic;
				CURRENT_PROJECT_VERSION = 1;
				GENERATE_INFOPLIST_FILE = YES;
				IPHONEOS_DEPLOYMENT_TARGET = 16.2;
				MARKETING_VERSION = 1.0;
				PRODUCT_BUNDLE_IDENTIFIER = "Daejeon-University.ClimaAPITests";
				PRODUCT_NAME = "$(TARGET_NAME)";
				SWIFT_EMIT_LOC_STRINGS = NO;
				SWIFT_VERSION = 5.0;
				TARGETED_DEVICE_FAMILY = "1,2";
				TEST_HOST = "$(BUILT_PRODUCTS_DIR)/ClimaAPI.app/$(BUNDLE_EXECUTABLE_FOLDER_PATH)/ClimaAPI";
			};
			name = Debug;
		};
		4BA66DAA29C9EF1E006976DB /* Release */ = {
			isa = XCBuildConfiguration;
			buildSettings = {
				ALWAYS_EMBED_SWIFT_STANDARD_LIBRARIES = YES;
				BUNDLE_LOADER = "$(TEST_HOST)";
				CODE_SIGN_STYLE = Automatic;
				CURRENT_PROJECT_VERSION = 1;
				GENERATE_INFOPLIST_FILE = YES;
				IPHONEOS_DEPLOYMENT_TARGET = 16.2;
				MARKETING_VERSION = 1.0;
				PRODUCT_BUNDLE_IDENTIFIER = "Daejeon-University.ClimaAPITests";
				PRODUCT_NAME = "$(TARGET_NAME)";
				SWIFT_EMIT_LOC_STRINGS = NO;
				SWIFT_VERSION = 5.0;
				TARGETED_DEVICE_FAMILY = "1,2";
				TEST_HOST = "$(BUILT_PRODUCTS_DIR)/ClimaAPI.app/$(BUNDLE_EXECUTABLE_FOLDER_PATH)/ClimaAPI";
			};
			name = Release;
		};
		4BA66DAC29C9EF1E006976DB /* Debug */ = {
			isa = XCBuildConfiguration;
			buildSettings = {
				ALWAYS_EMBED_SWIFT_STANDARD_LIBRARIES = YES;
				CODE_SIGN_STYLE = Automatic;
				CURRENT_PROJECT_VERSION = 1;
				GENERATE_INFOPLIST_FILE = YES;
				MARKETING_VERSION = 1.0;
				PRODUCT_BUNDLE_IDENTIFIER = "Daejeon-University.ClimaAPIUITests";
				PRODUCT_NAME = "$(TARGET_NAME)";
				SWIFT_EMIT_LOC_STRINGS = NO;
				SWIFT_VERSION = 5.0;
				TARGETED_DEVICE_FAMILY = "1,2";
				TEST_TARGET_NAME = ClimaAPI;
			};
			name = Debug;
		};
		4BA66DAD29C9EF1E006976DB /* Release */ = {
			isa = XCBuildConfiguration;
			buildSettings = {
				ALWAYS_EMBED_SWIFT_STANDARD_LIBRARIES = YES;
				CODE_SIGN_STYLE = Automatic;
				CURRENT_PROJECT_VERSION = 1;
				GENERATE_INFOPLIST_FILE = YES;
				MARKETING_VERSION = 1.0;
				PRODUCT_BUNDLE_IDENTIFIER = "Daejeon-University.ClimaAPIUITests";
				PRODUCT_NAME = "$(TARGET_NAME)";
				SWIFT_EMIT_LOC_STRINGS = NO;
				SWIFT_VERSION = 5.0;
				TARGETED_DEVICE_FAMILY = "1,2";
				TEST_TARGET_NAME = ClimaAPI;
			};
			name = Release;
		};
/* End XCBuildConfiguration section */

/* Begin XCConfigurationList section */
		4BA66D7629C9EF1D006976DB /* Build configuration list for PBXProject "ClimaAPI" */ = {
			isa = XCConfigurationList;
			buildConfigurations = (
				4BA66DA329C9EF1E006976DB /* Debug */,
				4BA66DA429C9EF1E006976DB /* Release */,
			);
			defaultConfigurationIsVisible = 0;
			defaultConfigurationName = Release;
		};
		4BA66DA529C9EF1E006976DB /* Build configuration list for PBXNativeTarget "ClimaAPI" */ = {
			isa = XCConfigurationList;
			buildConfigurations = (
				4BA66DA629C9EF1E006976DB /* Debug */,
				4BA66DA729C9EF1E006976DB /* Release */,
			);
			defaultConfigurationIsVisible = 0;
			defaultConfigurationName = Release;
		};
		4BA66DA829C9EF1E006976DB /* Build configuration list for PBXNativeTarget "ClimaAPITests" */ = {
			isa = XCConfigurationList;
			buildConfigurations = (
				4BA66DA929C9EF1E006976DB /* Debug */,
				4BA66DAA29C9EF1E006976DB /* Release */,
			);
			defaultConfigurationIsVisible = 0;
			defaultConfigurationName = Release;
		};
		4BA66DAB29C9EF1E006976DB /* Build configuration list for PBXNativeTarget "ClimaAPIUITests" */ = {
			isa = XCConfigurationList;
			buildConfigurations = (
				4BA66DAC29C9EF1E006976DB /* Debug */,
				4BA66DAD29C9EF1E006976DB /* Release */,
			);
			defaultConfigurationIsVisible = 0;
			defaultConfigurationName = Release;
		};
/* End XCConfigurationList section */
	};
	rootObject = 4BA66D7329C9EF1D006976DB /* Project object */;
}
